
Microsoft Visual Studio Solution File, Format Version 12.00
# Visual Studio Version 17
VisualStudioVersion = 17.8.34330.188
MinimumVisualStudioVersion = 10.0.40219.1
Project("{FAE04EC0-301F-11D3-BF4B-00C04F79EFBC}") = "Multitenancy", "Multitenancy\Multitenancy.csproj", "{768B61EC-62AD-4AB8-B109-8371EBB5FBE3}"
EndProject
Global
	GlobalSection(SolutionConfigurationPlatforms) = preSolution
		Debug|Any CPU = Debug|Any CPU
		Release|Any CPU = Release|Any CPU
	EndGlobalSection
	GlobalSection(ProjectConfigurationPlatforms) = postSolution
		{768B61EC-62AD-4AB8-B109-8371EBB5FBE3}.Debug|Any CPU.ActiveCfg = Debug|Any CPU
		{768B61EC-62AD-4AB8-B109-8371EBB5FBE3}.Debug|Any CPU.Build.0 = Debug|Any CPU
		{768B61EC-62AD-4AB8-B109-8371EBB5FBE3}.Release|Any CPU.ActiveCfg = Release|Any CPU
		{768B61EC-62AD-4AB8-B109-8371EBB5FBE3}.Release|Any CPU.Build.0 = Release|Any CPU
	EndGlobalSection
	GlobalSection(SolutionProperties) = preSolution
		HideSolutionNode = FALSE
	EndGlobalSection
	GlobalSection(ExtensibilityGlobals) = postSolution
		SolutionGuid = {44B33708-4AD1-409B-9213-1CF84574B7AA}
	EndGlobalSection
EndGlobal
